<?xml version="1.0" encoding="utf-8"?>
<Project ToolsVersion="4.0" xmlns="http://schemas.microsoft.com/developer/msbuild/2003">
  <ItemGroup>
    <Filter Include="Source Files">
      <UniqueIdentifier>{4FC737F1-C7A5-4376-A066-2A32D752A2FF}</UniqueIdentifier>
      <Extensions>cpp;c;cc;cxx;c++;cppm;ixx;def;odl;idl;hpj;bat;asm;asmx</Extensions>
    </Filter>
    <Filter Include="Header Files">
      <UniqueIdentifier>{93995380-89BD-4b04-88EB-625FBE52EBFB}</UniqueIdentifier>
      <Extensions>h;hh;hpp;hxx;h++;hm;inl;inc;ipp;xsd</Extensions>
    </Filter>
    <Filter Include="Resource Files">
      <UniqueIdentifier>{67DA6AB6-F800-4c08-8B7A-83BB121AAD01}</UniqueIdentifier>
      <Extensions>rc;ico;cur;bmp;dlg;rc2;rct;bin;rgs;gif;jpg;jpeg;jpe;resx;tiff;tif;png;wav;mfcribbon-ms</Extensions>
    </Filter>
    <Filter Include="Resource Files\wjump">
      <UniqueIdentifier>{72557130-b662-48f1-9951-90a3a66eff67}</UniqueIdentifier>
    </Filter>
    <Filter Include="Resource Files\wwalking">
      <UniqueIdentifier>{bd7136e8-1755-43ab-95f8-789e9d809bb2}</UniqueIdentifier>
    </Filter>
  </ItemGroup>
  <ItemGroup>
    <ClCompile Include="src\main.cpp">
      <Filter>Source Files</Filter>
    </ClCompile>
    <ClCompile Include="src\Worms.cpp">
      <Filter>Source Files</Filter>
    </ClCompile>
    <ClCompile Include="src\Simulation.cpp">
      <Filter>Source Files</Filter>
    </ClCompile>
    <ClCompile Include="src\Coordinates.cpp">
      <Filter>Source Files</Filter>
    </ClCompile>
    <ClCompile Include="src\Config.cpp">
      <Filter>Source Files</Filter>
    </ClCompile>
  </ItemGroup>
  <ItemGroup>
    <ClInclude Include="src\Worms.h">
      <Filter>Header Files</Filter>
    </ClInclude>
    <ClInclude Include="src\Simulation.h">
      <Filter>Header Files</Filter>
    </ClInclude>
    <ClInclude Include="src\Config.h">
      <Filter>Header Files</Filter>
    </ClInclude>
    <ClInclude Include="src\Coordinates.h">
      <Filter>Header Files</Filter>
    </ClInclude>
  </ItemGroup>
  <ItemGroup>
    <Image Include="res\wjump\wjump-F1.png">
      <Filter>Resource Files\wjump</Filter>
    </Image>
    <Image Include="res\wjump\wjump-F2.png">
      <Filter>Resource Files\wjump</Filter>
    </Image>
    <Image Include="res\wjump\wjump-F3.png">
      <Filter>Resource Files\wjump</Filter>
    </Image>
    <Image Include="res\wjump\wjump-F4.png">
      <Filter>Resource Files\wjump</Filter>
    </Image>
    <Image Include="res\wjump\wjump-F5.png">
      <Filter>Resource Files\wjump</Filter>
    </Image>
    <Image Include="res\wjump\wjump-F6.png">
      <Filter>Resource Files\wjump</Filter>
    </Image>
    <Image Include="res\wjump\wjump-F7.png">
      <Filter>Resource Files\wjump</Filter>
    </Image>
    <Image Include="res\wjump\wjump-F8.png">
      <Filter>Resource Files\wjump</Filter>
    </Image>
    <Image Include="res\wjump\wjump-F9.png">
      <Filter>Resource Files\wjump</Filter>
    </Image>
    <Image Include="res\wjump\wjump-F10.png">
      <Filter>Resource Files\wjump</Filter>
    </Image>
    <Image Include="res\wwalking\wwalk-F1.png">
      <Filter>Resource Files\wwalking</Filter>
    </Image>
    <Image Include="res\wwalking\wwalk-F2.png">
      <Filter>Resource Files\wwalking</Filter>
    </Image>
    <Image Include="res\wwalking\wwalk-F3.png">
      <Filter>Resource Files\wwalking</Filter>
    </Image>
    <Image Include="res\wwalking\wwalk-F4.png">
      <Filter>Resource Files\wwalking</Filter>
    </Image>
    <Image Include="res\wwalking\wwalk-F5.png">
      <Filter>Resource Files\wwalking</Filter>
    </Image>
    <Image Include="res\wwalking\wwalk-F6.png">
      <Filter>Resource Files\wwalking</Filter>
    </Image>
    <Image Include="res\wwalking\wwalk-F7.png">
      <Filter>Resource Files\wwalking</Filter>
    </Image>
    <Image Include="res\wwalking\wwalk-F8.png">
      <Filter>Resource Files\wwalking</Filter>
    </Image>
    <Image Include="res\wwalking\wwalk-F9.png">
      <Filter>Resource Files\wwalking</Filter>
    </Image>
    <Image Include="res\wwalking\wwalk-F10.png">
      <Filter>Resource Files\wwalking</Filter>
    </Image>
    <Image Include="res\wwalking\wwalk-F11.png">
      <Filter>Resource Files\wwalking</Filter>
    </Image>
    <Image Include="res\wwalking\wwalk-F12.png">
      <Filter>Resource Files\wwalking</Filter>
    </Image>
    <Image Include="res\wwalking\wwalk-F13.png">
      <Filter>Resource Files\wwalking</Filter>
    </Image>
    <Image Include="res\wwalking\wwalk-F14.png">
      <Filter>Resource Files\wwalking</Filter>
    </Image>
    <Image Include="res\wwalking\wwalk-F15.png">
      <Filter>Resource Files\wwalking</Filter>
    </Image>
    <Image Include="res\Scenario.png">
      <Filter>Resource Files</Filter>
    </Image>
  </ItemGroup>
</Project>